PODS:
  - boost (1.76.0)
  - DoubleConversion (1.1.6)
  - FBLazyVector (0.72.17)
  - FBReactNativeSpec (0.72.17):
    - RCT-Folly (= 2021.07.22.00)
    - RCTRequired (= 0.72.17)
    - RCTTypeSafety (= 0.72.17)
    - React-Core (= 0.72.17)
    - React-jsi (= 0.72.17)
    - ReactCommon/turbomodule/core (= 0.72.17)
  - fmt (6.2.1)
  - glog (0.3.5)
  - hermes-engine (0.72.17):
    - hermes-engine/Pre-built (= 0.72.17)
  - hermes-engine/Pre-built (0.72.17)
  - libevent (2.1.12)
  - RCT-Folly (2021.07.22.00):
    - boost
    - DoubleConversion
    - fmt (~> 6.2.1)
    - glog
    - RCT-Folly/Default (= 2021.07.22.00)
  - RCT-Folly/Default (2021.07.22.00):
    - boost
    - DoubleConversion
    - fmt (~> 6.2.1)
    - glog
  - RCT-Folly/Futures (2021.07.22.00):
    - boost
    - DoubleConversion
    - fmt (~> 6.2.1)
    - glog
    - libevent
  - RCTRequired (0.72.17)
  - RCTTypeSafety (0.72.17):
    - FBLazyVector (= 0.72.17)
    - RCTRequired (= 0.72.17)
    - React-Core (= 0.72.17)
  - React (0.72.17):
    - React-Core (= 0.72.17)
    - React-Core/DevSupport (= 0.72.17)
    - React-Core/RCTWebSocket (= 0.72.17)
    - React-RCTActionSheet (= 0.72.17)
    - React-RCTAnimation (= 0.72.17)
    - React-RCTBlob (= 0.72.17)
    - React-RCTImage (= 0.72.17)
    - React-RCTLinking (= 0.72.17)
    - React-RCTNetwork (= 0.72.17)
    - React-RCTSettings (= 0.72.17)
    - React-RCTText (= 0.72.17)
    - React-RCTVibration (= 0.72.17)
  - React-callinvoker (0.72.17)
  - React-Codegen (0.72.17):
    - DoubleConversion
    - FBReactNativeSpec
    - glog
    - hermes-engine
    - RCT-Folly
    - RCTRequired
    - RCTTypeSafety
    - React-Core
    - React-jsi
    - React-jsiexecutor
    - React-NativeModulesApple
    - React-rncore
    - ReactCommon/turbomodule/bridging
    - ReactCommon/turbomodule/core
  - React-Core (0.72.17):
    - glog
    - hermes-engine
    - RCT-Folly (= 2021.07.22.00)
    - React-Core/Default (= 0.72.17)
    - React-cxxreact
    - React-hermes
    - React-jsi
    - React-jsiexecutor
    - React-perflogger
    - React-runtimeexecutor
    - React-utils
    - SocketRocket (= 0.6.1)
    - Yoga
  - React-Core/CoreModulesHeaders (0.72.17):
    - glog
    - hermes-engine
    - RCT-Folly (= 2021.07.22.00)
    - React-Core/Default
    - React-cxxreact
    - React-hermes
    - React-jsi
    - React-jsiexecutor
    - React-perflogger
    - React-runtimeexecutor
    - React-utils
    - SocketRocket (= 0.6.1)
    - Yoga
  - React-Core/Default (0.72.17):
    - glog
    - hermes-engine
    - RCT-Folly (= 2021.07.22.00)
    - React-cxxreact
    - React-hermes
    - React-jsi
    - React-jsiexecutor
    - React-perflogger
    - React-runtimeexecutor
    - React-utils
    - SocketRocket (= 0.6.1)
    - Yoga
  - React-Core/DevSupport (0.72.17):
    - glog
    - hermes-engine
    - RCT-Folly (= 2021.07.22.00)
    - React-Core/Default (= 0.72.17)
    - React-Core/RCTWebSocket (= 0.72.17)
    - React-cxxreact
    - React-hermes
    - React-jsi
    - React-jsiexecutor
    - React-jsinspector (= 0.72.17)
    - React-perflogger
    - React-runtimeexecutor
    - React-utils
    - SocketRocket (= 0.6.1)
    - Yoga
  - React-Core/RCTActionSheetHeaders (0.72.17):
    - glog
    - hermes-engine
    - RCT-Folly (= 2021.07.22.00)
    - React-Core/Default
    - React-cxxreact
    - React-hermes
    - React-jsi
    - React-jsiexecutor
    - React-perflogger
    - React-runtimeexecutor
    - React-utils
    - SocketRocket (= 0.6.1)
    - Yoga
  - React-Core/RCTAnimationHeaders (0.72.17):
    - glog
    - hermes-engine
    - RCT-Folly (= 2021.07.22.00)
    - React-Core/Default
    - React-cxxreact
    - React-hermes
    - React-jsi
    - React-jsiexecutor
    - React-perflogger
    - React-runtimeexecutor
    - React-utils
    - SocketRocket (= 0.6.1)
    - Yoga
  - React-Core/RCTBlobHeaders (0.72.17):
    - glog
    - hermes-engine
    - RCT-Folly (= 2021.07.22.00)
    - React-Core/Default
    - React-cxxreact
    - React-hermes
    - React-jsi
    - React-jsiexecutor
    - React-perflogger
    - React-runtimeexecutor
    - React-utils
    - SocketRocket (= 0.6.1)
    - Yoga
  - React-Core/RCTImageHeaders (0.72.17):
    - glog
    - hermes-engine
    - RCT-Folly (= 2021.07.22.00)
    - React-Core/Default
    - React-cxxreact
    - React-hermes
    - React-jsi
    - React-jsiexecutor
    - React-perflogger
    - React-runtimeexecutor
    - React-utils
    - SocketRocket (= 0.6.1)
    - Yoga
  - React-Core/RCTLinkingHeaders (0.72.17):
    - glog
    - hermes-engine
    - RCT-Folly (= 2021.07.22.00)
    - React-Core/Default
    - React-cxxreact
    - React-hermes
    - React-jsi
    - React-jsiexecutor
    - React-perflogger
    - React-runtimeexecutor
    - React-utils
    - SocketRocket (= 0.6.1)
    - Yoga
  - React-Core/RCTNetworkHeaders (0.72.17):
    - glog
    - hermes-engine
    - RCT-Folly (= 2021.07.22.00)
    - React-Core/Default
    - React-cxxreact
    - React-hermes
    - React-jsi
    - React-jsiexecutor
    - React-perflogger
    - React-runtimeexecutor
    - React-utils
    - SocketRocket (= 0.6.1)
    - Yoga
  - React-Core/RCTSettingsHeaders (0.72.17):
    - glog
    - hermes-engine
    - RCT-Folly (= 2021.07.22.00)
    - React-Core/Default
    - React-cxxreact
    - React-hermes
    - React-jsi
    - React-jsiexecutor
    - React-perflogger
    - React-runtimeexecutor
    - React-utils
    - SocketRocket (= 0.6.1)
    - Yoga
  - React-Core/RCTTextHeaders (0.72.17):
    - glog
    - hermes-engine
    - RCT-Folly (= 2021.07.22.00)
    - React-Core/Default
    - React-cxxreact
    - React-hermes
    - React-jsi
    - React-jsiexecutor
    - React-perflogger
    - React-runtimeexecutor
    - React-utils
    - SocketRocket (= 0.6.1)
    - Yoga
  - React-Core/RCTVibrationHeaders (0.72.17):
    - glog
    - hermes-engine
    - RCT-Folly (= 2021.07.22.00)
    - React-Core/Default
    - React-cxxreact
    - React-hermes
    - React-jsi
    - React-jsiexecutor
    - React-perflogger
    - React-runtimeexecutor
    - React-utils
    - SocketRocket (= 0.6.1)
    - Yoga
  - React-Core/RCTWebSocket (0.72.17):
    - glog
    - hermes-engine
    - RCT-Folly (= 2021.07.22.00)
    - React-Core/Default (= 0.72.17)
    - React-cxxreact
    - React-hermes
    - React-jsi
    - React-jsiexecutor
    - React-perflogger
    - React-runtimeexecutor
    - React-utils
    - SocketRocket (= 0.6.1)
    - Yoga
  - React-CoreModules (0.72.17):
    - RCT-Folly (= 2021.07.22.00)
    - RCTTypeSafety (= 0.72.17)
    - React-Codegen (= 0.72.17)
    - React-Core/CoreModulesHeaders (= 0.72.17)
    - React-jsi (= 0.72.17)
    - React-RCTBlob
    - React-RCTImage (= 0.72.17)
    - ReactCommon/turbomodule/core (= 0.72.17)
    - SocketRocket (= 0.6.1)
  - React-cxxreact (0.72.17):
    - boost (= 1.76.0)
    - DoubleConversion
    - glog
    - hermes-engine
    - RCT-Folly (= 2021.07.22.00)
    - React-callinvoker (= 0.72.17)
    - React-debug (= 0.72.17)
    - React-jsi (= 0.72.17)
    - React-jsinspector (= 0.72.17)
    - React-logger (= 0.72.17)
    - React-perflogger (= 0.72.17)
    - React-runtimeexecutor (= 0.72.17)
  - React-debug (0.72.17)
  - React-hermes (0.72.17):
    - DoubleConversion
    - glog
    - hermes-engine
    - RCT-Folly (= 2021.07.22.00)
    - RCT-Folly/Futures (= 2021.07.22.00)
    - React-cxxreact (= 0.72.17)
    - React-jsi
    - React-jsiexecutor (= 0.72.17)
    - React-jsinspector (= 0.72.17)
    - React-perflogger (= 0.72.17)
  - React-jsi (0.72.17):
    - boost (= 1.76.0)
    - DoubleConversion
    - glog
    - hermes-engine
    - RCT-Folly (= 2021.07.22.00)
  - React-jsiexecutor (0.72.17):
    - DoubleConversion
    - glog
    - hermes-engine
    - RCT-Folly (= 2021.07.22.00)
    - React-cxxreact (= 0.72.17)
    - React-jsi (= 0.72.17)
    - React-perflogger (= 0.72.17)
  - React-jsinspector (0.72.17)
  - React-logger (0.72.17):
    - glog
  - react-native-config (1.5.1):
    - react-native-config/App (= 1.5.1)
  - react-native-config/App (1.5.1):
    - React-Core
  - react-native-keep-awake (4.0.0):
    - React
  - react-native-netinfo (11.3.2):
    - React-Core
  - react-native-quick-md5 (3.0.6):
    - React-Core
  - react-native-safe-area-context (4.7.4):
    - React-Core
  - react-native-track-player (4.0.1):
    - React-Core
    - SwiftAudioEx (= 1.0.0)
  - React-NativeModulesApple (0.72.17):
    - hermes-engine
    - React-callinvoker
    - React-Core
    - React-cxxreact
    - React-jsi
    - React-runtimeexecutor
    - ReactCommon/turbomodule/bridging
    - ReactCommon/turbomodule/core
  - React-perflogger (0.72.17)
  - React-RCTActionSheet (0.72.17):
    - React-Core/RCTActionSheetHeaders (= 0.72.17)
  - React-RCTAnimation (0.72.17):
    - RCT-Folly (= 2021.07.22.00)
    - RCTTypeSafety (= 0.72.17)
    - React-Codegen (= 0.72.17)
    - React-Core/RCTAnimationHeaders (= 0.72.17)
    - React-jsi (= 0.72.17)
    - ReactCommon/turbomodule/core (= 0.72.17)
  - React-RCTAppDelegate (0.72.17):
    - RCT-Folly
    - RCTRequired
    - RCTTypeSafety
    - React-Core
    - React-CoreModules
    - React-hermes
    - React-NativeModulesApple
    - React-RCTImage
    - React-RCTNetwork
    - React-runtimescheduler
    - ReactCommon/turbomodule/core
  - React-RCTBlob (0.72.17):
    - hermes-engine
    - RCT-Folly (= 2021.07.22.00)
    - React-Codegen (= 0.72.17)
    - React-Core/RCTBlobHeaders (= 0.72.17)
    - React-Core/RCTWebSocket (= 0.72.17)
    - React-jsi (= 0.72.17)
    - React-RCTNetwork (= 0.72.17)
    - ReactCommon/turbomodule/core (= 0.72.17)
  - React-RCTImage (0.72.17):
    - RCT-Folly (= 2021.07.22.00)
    - RCTTypeSafety (= 0.72.17)
    - React-Codegen (= 0.72.17)
    - React-Core/RCTImageHeaders (= 0.72.17)
    - React-jsi (= 0.72.17)
    - React-RCTNetwork (= 0.72.17)
    - ReactCommon/turbomodule/core (= 0.72.17)
  - React-RCTLinking (0.72.17):
    - React-Codegen (= 0.72.17)
    - React-Core/RCTLinkingHeaders (= 0.72.17)
    - React-jsi (= 0.72.17)
    - ReactCommon/turbomodule/core (= 0.72.17)
  - React-RCTNetwork (0.72.17):
    - RCT-Folly (= 2021.07.22.00)
    - RCTTypeSafety (= 0.72.17)
    - React-Codegen (= 0.72.17)
    - React-Core/RCTNetworkHeaders (= 0.72.17)
    - React-jsi (= 0.72.17)
    - ReactCommon/turbomodule/core (= 0.72.17)
  - React-RCTSettings (0.72.17):
    - RCT-Folly (= 2021.07.22.00)
    - RCTTypeSafety (= 0.72.17)
    - React-Codegen (= 0.72.17)
    - React-Core/RCTSettingsHeaders (= 0.72.17)
    - React-jsi (= 0.72.17)
    - ReactCommon/turbomodule/core (= 0.72.17)
  - React-RCTText (0.72.17):
    - React-Core/RCTTextHeaders (= 0.72.17)
  - React-RCTVibration (0.72.17):
    - RCT-Folly (= 2021.07.22.00)
    - React-Codegen (= 0.72.17)
    - React-Core/RCTVibrationHeaders (= 0.72.17)
    - React-jsi (= 0.72.17)
    - ReactCommon/turbomodule/core (= 0.72.17)
  - React-rncore (0.72.17)
  - React-runtimeexecutor (0.72.17):
    - React-jsi (= 0.72.17)
  - React-runtimescheduler (0.72.17):
    - glog
    - hermes-engine
    - RCT-Folly (= 2021.07.22.00)
    - React-callinvoker
    - React-debug
    - React-jsi
    - React-runtimeexecutor
  - React-utils (0.72.17):
    - glog
    - RCT-Folly (= 2021.07.22.00)
    - React-debug
  - ReactCommon/turbomodule/bridging (0.72.17):
    - DoubleConversion
    - glog
    - hermes-engine
    - RCT-Folly (= 2021.07.22.00)
    - React-callinvoker (= 0.72.17)
    - React-cxxreact (= 0.72.17)
    - React-jsi (= 0.72.17)
    - React-logger (= 0.72.17)
    - React-perflogger (= 0.72.17)
  - ReactCommon/turbomodule/core (0.72.17):
    - DoubleConversion
    - glog
    - hermes-engine
    - RCT-Folly (= 2021.07.22.00)
    - React-callinvoker (= 0.72.17)
    - React-cxxreact (= 0.72.17)
    - React-jsi (= 0.72.17)
    - React-logger (= 0.72.17)
    - React-perflogger (= 0.72.17)
  - RealmJS (12.13.1):
    - React
  - RNCClipboard (1.12.1):
    - React-Core
  - RNDeviceInfo (10.12.0):
    - React-Core
  - RNGestureHandler (2.16.0):
    - RCT-Folly (= 2021.07.22.00)
    - React-Core
  - RNReanimated (3.15.0):
    - RCT-Folly (= 2021.07.22.00)
    - React-Core
    - ReactCommon/turbomodule/core
    - RNReanimated/reanimated (= 3.15.0)
    - RNReanimated/worklets (= 3.15.0)
  - RNReanimated/reanimated (3.15.0):
    - RCT-Folly (= 2021.07.22.00)
    - React-Core
    - ReactCommon/turbomodule/core
  - RNReanimated/worklets (3.15.0):
    - RCT-Folly (= 2021.07.22.00)
    - React-Core
    - ReactCommon/turbomodule/core
  - RNScreens (3.27.0):
    - RCT-Folly (= 2021.07.22.00)
    - React-Core
  - RNSVG (13.14.0):
    - React-Core
  - RNVectorIcons (9.2.0):
    - React-Core
  - RollbarCommon (3.3.3)
  - RollbarCrash (3.3.3)
  - RollbarNotifier (3.3.3):
    - RollbarCommon (~> 3.3.3)
    - RollbarCrash (~> 3.3.3)
    - RollbarReport (~> 3.3.3)
  - RollbarReactNative (1.0.0-beta.5):
    - React-Core
    - RollbarNotifier (= 3.3.3)
  - RollbarReport (3.3.3):
    - RollbarCrash (~> 3.3.3)
  - SocketRocket (0.6.1)
  - SwiftAudioEx (1.0.0)
  - Yoga (1.14.0)

DEPENDENCIES:
  - boost (from `../node_modules/react-native/third-party-podspecs/boost.podspec`)
  - DoubleConversion (from `../node_modules/react-native/third-party-podspecs/DoubleConversion.podspec`)
  - FBLazyVector (from `../node_modules/react-native/Libraries/FBLazyVector`)
  - FBReactNativeSpec (from `../node_modules/react-native/React/FBReactNativeSpec`)
  - glog (from `../node_modules/react-native/third-party-podspecs/glog.podspec`)
  - hermes-engine (from `../node_modules/react-native/sdks/hermes-engine/hermes-engine.podspec`)
  - libevent (~> 2.1.12)
  - RCT-Folly (from `../node_modules/react-native/third-party-podspecs/RCT-Folly.podspec`)
  - RCTRequired (from `../node_modules/react-native/Libraries/RCTRequired`)
  - RCTTypeSafety (from `../node_modules/react-native/Libraries/TypeSafety`)
  - React (from `../node_modules/react-native/`)
  - React-callinvoker (from `../node_modules/react-native/ReactCommon/callinvoker`)
  - React-Codegen (from `build/generated/ios`)
  - React-Core (from `../node_modules/react-native/`)
  - React-Core/RCTWebSocket (from `../node_modules/react-native/`)
  - React-CoreModules (from `../node_modules/react-native/React/CoreModules`)
  - React-cxxreact (from `../node_modules/react-native/ReactCommon/cxxreact`)
  - React-debug (from `../node_modules/react-native/ReactCommon/react/debug`)
  - React-hermes (from `../node_modules/react-native/ReactCommon/hermes`)
  - React-jsi (from `../node_modules/react-native/ReactCommon/jsi`)
  - React-jsiexecutor (from `../node_modules/react-native/ReactCommon/jsiexecutor`)
  - React-jsinspector (from `../node_modules/react-native/ReactCommon/jsinspector`)
  - React-logger (from `../node_modules/react-native/ReactCommon/logger`)
  - react-native-config (from `../node_modules/react-native-config`)
  - react-native-keep-awake (from `../node_modules/react-native-keep-awake`)
  - "react-native-netinfo (from `../node_modules/@react-native-community/netinfo`)"
  - react-native-quick-md5 (from `../node_modules/react-native-quick-md5`)
  - react-native-safe-area-context (from `../node_modules/react-native-safe-area-context`)
  - react-native-track-player (from `../node_modules/react-native-track-player`)
  - React-NativeModulesApple (from `../node_modules/react-native/ReactCommon/react/nativemodule/core/platform/ios`)
  - React-perflogger (from `../node_modules/react-native/ReactCommon/reactperflogger`)
  - React-RCTActionSheet (from `../node_modules/react-native/Libraries/ActionSheetIOS`)
  - React-RCTAnimation (from `../node_modules/react-native/Libraries/NativeAnimation`)
  - React-RCTAppDelegate (from `../node_modules/react-native/Libraries/AppDelegate`)
  - React-RCTBlob (from `../node_modules/react-native/Libraries/Blob`)
  - React-RCTImage (from `../node_modules/react-native/Libraries/Image`)
  - React-RCTLinking (from `../node_modules/react-native/Libraries/LinkingIOS`)
  - React-RCTNetwork (from `../node_modules/react-native/Libraries/Network`)
  - React-RCTSettings (from `../node_modules/react-native/Libraries/Settings`)
  - React-RCTText (from `../node_modules/react-native/Libraries/Text`)
  - React-RCTVibration (from `../node_modules/react-native/Libraries/Vibration`)
  - React-rncore (from `../node_modules/react-native/ReactCommon`)
  - React-runtimeexecutor (from `../node_modules/react-native/ReactCommon/runtimeexecutor`)
  - React-runtimescheduler (from `../node_modules/react-native/ReactCommon/react/renderer/runtimescheduler`)
  - React-utils (from `../node_modules/react-native/ReactCommon/react/utils`)
  - ReactCommon/turbomodule/core (from `../node_modules/react-native/ReactCommon`)
  - RealmJS (from `../node_modules/realm`)
  - "RNCClipboard (from `../node_modules/@react-native-clipboard/clipboard`)"
  - RNDeviceInfo (from `../node_modules/react-native-device-info`)
  - RNGestureHandler (from `../node_modules/react-native-gesture-handler`)
  - RNReanimated (from `../node_modules/react-native-reanimated`)
  - RNScreens (from `../node_modules/react-native-screens`)
  - RNSVG (from `../node_modules/react-native-svg`)
  - RNVectorIcons (from `../node_modules/react-native-vector-icons`)
  - RollbarReactNative (from `../node_modules/rollbar-react-native`)
  - Yoga (from `../node_modules/react-native/ReactCommon/yoga`)

SPEC REPOS:
  trunk:
    - fmt
    - libevent
    - RollbarCommon
    - RollbarCrash
    - RollbarNotifier
    - RollbarReport
    - SocketRocket
    - SwiftAudioEx

EXTERNAL SOURCES:
  boost:
    :podspec: "../node_modules/react-native/third-party-podspecs/boost.podspec"
  DoubleConversion:
    :podspec: "../node_modules/react-native/third-party-podspecs/DoubleConversion.podspec"
  FBLazyVector:
    :path: "../node_modules/react-native/Libraries/FBLazyVector"
  FBReactNativeSpec:
    :path: "../node_modules/react-native/React/FBReactNativeSpec"
  glog:
    :podspec: "../node_modules/react-native/third-party-podspecs/glog.podspec"
  hermes-engine:
    :podspec: "../node_modules/react-native/sdks/hermes-engine/hermes-engine.podspec"
  RCT-Folly:
    :podspec: "../node_modules/react-native/third-party-podspecs/RCT-Folly.podspec"
  RCTRequired:
    :path: "../node_modules/react-native/Libraries/RCTRequired"
  RCTTypeSafety:
    :path: "../node_modules/react-native/Libraries/TypeSafety"
  React:
    :path: "../node_modules/react-native/"
  React-callinvoker:
    :path: "../node_modules/react-native/ReactCommon/callinvoker"
  React-Codegen:
    :path: build/generated/ios
  React-Core:
    :path: "../node_modules/react-native/"
  React-CoreModules:
    :path: "../node_modules/react-native/React/CoreModules"
  React-cxxreact:
    :path: "../node_modules/react-native/ReactCommon/cxxreact"
  React-debug:
    :path: "../node_modules/react-native/ReactCommon/react/debug"
  React-hermes:
    :path: "../node_modules/react-native/ReactCommon/hermes"
  React-jsi:
    :path: "../node_modules/react-native/ReactCommon/jsi"
  React-jsiexecutor:
    :path: "../node_modules/react-native/ReactCommon/jsiexecutor"
  React-jsinspector:
    :path: "../node_modules/react-native/ReactCommon/jsinspector"
  React-logger:
    :path: "../node_modules/react-native/ReactCommon/logger"
  react-native-config:
    :path: "../node_modules/react-native-config"
  react-native-keep-awake:
    :path: "../node_modules/react-native-keep-awake"
  react-native-netinfo:
    :path: "../node_modules/@react-native-community/netinfo"
  react-native-quick-md5:
    :path: "../node_modules/react-native-quick-md5"
  react-native-safe-area-context:
    :path: "../node_modules/react-native-safe-area-context"
  react-native-track-player:
    :path: "../node_modules/react-native-track-player"
  React-NativeModulesApple:
    :path: "../node_modules/react-native/ReactCommon/react/nativemodule/core/platform/ios"
  React-perflogger:
    :path: "../node_modules/react-native/ReactCommon/reactperflogger"
  React-RCTActionSheet:
    :path: "../node_modules/react-native/Libraries/ActionSheetIOS"
  React-RCTAnimation:
    :path: "../node_modules/react-native/Libraries/NativeAnimation"
  React-RCTAppDelegate:
    :path: "../node_modules/react-native/Libraries/AppDelegate"
  React-RCTBlob:
    :path: "../node_modules/react-native/Libraries/Blob"
  React-RCTImage:
    :path: "../node_modules/react-native/Libraries/Image"
  React-RCTLinking:
    :path: "../node_modules/react-native/Libraries/LinkingIOS"
  React-RCTNetwork:
    :path: "../node_modules/react-native/Libraries/Network"
  React-RCTSettings:
    :path: "../node_modules/react-native/Libraries/Settings"
  React-RCTText:
    :path: "../node_modules/react-native/Libraries/Text"
  React-RCTVibration:
    :path: "../node_modules/react-native/Libraries/Vibration"
  React-rncore:
    :path: "../node_modules/react-native/ReactCommon"
  React-runtimeexecutor:
    :path: "../node_modules/react-native/ReactCommon/runtimeexecutor"
  React-runtimescheduler:
    :path: "../node_modules/react-native/ReactCommon/react/renderer/runtimescheduler"
  React-utils:
    :path: "../node_modules/react-native/ReactCommon/react/utils"
  ReactCommon:
    :path: "../node_modules/react-native/ReactCommon"
  RealmJS:
    :path: "../node_modules/realm"
  RNCClipboard:
    :path: "../node_modules/@react-native-clipboard/clipboard"
  RNDeviceInfo:
    :path: "../node_modules/react-native-device-info"
  RNGestureHandler:
    :path: "../node_modules/react-native-gesture-handler"
  RNReanimated:
    :path: "../node_modules/react-native-reanimated"
  RNScreens:
    :path: "../node_modules/react-native-screens"
  RNSVG:
    :path: "../node_modules/react-native-svg"
  RNVectorIcons:
    :path: "../node_modules/react-native-vector-icons"
  RollbarReactNative:
    :path: "../node_modules/rollbar-react-native"
  Yoga:
    :path: "../node_modules/react-native/ReactCommon/yoga"

SPEC CHECKSUMS:
  boost: 7dcd2de282d72e344012f7d6564d024930a6a440
  DoubleConversion: 5189b271737e1565bdce30deb4a08d647e3f5f54
  FBLazyVector: 66398fc2381d8fa1eee4c0f80d931587a7b927e8
  FBReactNativeSpec: 0f8cecf999d709dba7626bbf565b1b5f8f46a5c1
  fmt: ff9d55029c625d3757ed641535fd4a75fedc7ce9
  glog: 04b94705f318337d7ead9e6d17c019bd9b1f6b1b
  hermes-engine: 982096772bd947125ee3b4f72ace6cb9a33f1d02
  libevent: 4049cae6c81cdb3654a443be001fb9bdceff7913
  RCT-Folly: 424b8c9a7a0b9ab2886ffe9c3b041ef628fd4fb1
  RCTRequired: 01c639ec840ee03928b2d65f5cd5297d737b3834
  RCTTypeSafety: 9623592521a1576363baf3d6ab8d164cfe9062bf
  React: 3c0beeda318c3c515a6bb2c1f197b55bd731aa43
  React-callinvoker: 0cd6ff2cdd80255c82cd4628fc925df1e7133a1a
  React-Codegen: 4b9fd690baa0098aa9759fdccc1467409171216e
  React-Core: 8946edeb9272e1a5a52559c5793e6ea0e9e77fec
  React-CoreModules: f37b2cb94073a720511fe54f821762fb1015f30c
  React-cxxreact: dec3959d439708cb7dd73b46a11ed64c3eea79da
  React-debug: fc03bbe567421af7f7837bdff93ad9d5b7c0ab9d
  React-hermes: f3b6b278c4ff7e6664a86b2bf964a4dc4ae72d34
  React-jsi: 6ec4bd4cd929ae9d468b4984b0ae2c657aeeb2da
  React-jsiexecutor: 8dc585381e476c3ff2e9468f444c90c4d1d5b874
  React-jsinspector: 853b8631b908636bb09ef77cb217376c38a0c8ff
  React-logger: 9ca44bb5703bf2355f3c2d2e5e67bfe98ca2dc34
  react-native-config: 86038147314e2e6d10ea9972022aa171e6b1d4d8
  react-native-keep-awake: afad8a51dfef9fe9655a6344771be32c8596d774
  react-native-netinfo: 076df4f9b07f6670acf4ce9a75aac8d34c2e2ccc
  react-native-quick-md5: 9a4cb8201cd0b1866e374ac19d530da0964c0aed
  react-native-safe-area-context: 2cd91d532de12acdb0a9cbc8d43ac72a8e4c897c
  react-native-track-player: 97d76dbbd35f27cc709e5f04540615e54264b3f9
  React-NativeModulesApple: 9baff5b154326151add253f2c5bcb93d20c33742
  React-perflogger: 785b0063af5178298a61b54bb46aae9a19c7bbb5
  React-RCTActionSheet: 84f37b34bd77249263ace75471d6664393c29972
  React-RCTAnimation: cbd40a6bb62866d0f90b318a02ead456ec3ad523
  React-RCTAppDelegate: aed41a87c92f8c889f54b11c607837c8dafd7bf9
  React-RCTBlob: 389c7294855130b1cbb3efa3fdc7c0f8b7e33ca8
  React-RCTImage: b02b19272c05c01a1ab94a45c2ff11ede8726a8a
  React-RCTLinking: a64fcab6d9aa8c67e7771299dc6a726f8c0169b6
  React-RCTNetwork: 4650fca7376b98ed393626fb7c0fadc8c83b31fc
  React-RCTSettings: 6853d5f84a7a1c7e8ccc7991ef62edab607822aa
  React-RCTText: 7becec5f53f03b20da11f4b7e40e6bcfd476d134
  React-RCTVibration: e6c1b4ececa24ab574cfc628e2e8239c778eb4f1
  React-rncore: 0755299e60a7a6bb57cbe1836b38af09fad00759
  React-runtimeexecutor: 448409b5ae5a01b7793239f630051960c7dd39f9
  React-runtimescheduler: 975d835104d13603d49e15a6096c8a46ec92b4d4
  React-utils: 8929de4af0803247c15f8f38ec8ae5623b46f4d2
  ReactCommon: 7200e4235574a3c304acbd9eeac17f5f45dfd9db
  RealmJS: 85532b9dd5c5df8bbdb7312ab98bfdf9c582baaf
  RNCClipboard: d77213bfa269013bf4b857b7a9ca37ee062d8ef1
  RNDeviceInfo: db5c64a060e66e5db3102d041ebe3ef307a85120
  RNGestureHandler: b24778ccfe2ee0fb1fe50e12e90e0d8edb1bf475
  RNReanimated: ac8334b8dabe2a236412b66e613f66648a72eb4d
  RNScreens: 4784307455e3192bee578be937321c712d710ab8
  RNSVG: d00c8f91c3cbf6d476451313a18f04d220d4f396
  RNVectorIcons: fcc2f6cb32f5735b586e66d14103a74ce6ad61f8
  RollbarCommon: cb87be0f694a09c138f7d51d6f3b48151ca965ab
  RollbarCrash: 0272cf44b05ebc0f69c17acbd0cffbdaf35b2893
  RollbarNotifier: 8f57eb355f0fe8a6832d8dff615f2118d78047be
  RollbarReactNative: 583fd234f0b37d7a0b36fcf21fac5ad7906f7677
  RollbarReport: 0e57a3ac73c66dd6d5add5e999a967210753c4c3
  SocketRocket: f32cd54efbe0f095c4d7594881e52619cfe80b17
  SwiftAudioEx: 6f511018b7a0fdfd14ed1bb4081f953588245cc0
  Yoga: ef534101bb891fb09bae657417f34d399c1efe38

PODFILE CHECKSUM: ddb239e8289ad2091a65c6be64bdd84ba1ca7fee

COCOAPODS: 1.16.2
